
Microsoft Visual Studio Solution File, Format Version 12.00
# Visual Studio Version 17
VisualStudioVersion = 17.7.34018.315
MinimumVisualStudioVersion = 10.0.40219.1
Project("{9A19103F-16F7-4668-BE54-9A1E7A4F7556}") = "RecipeWinForms", "RecipeWinForms\RecipeWinForms.csproj", "{F4032E48-822B-4F68-8CDD-4B9DC8E3F8B1}"
EndProject
Project("{9A19103F-16F7-4668-BE54-9A1E7A4F7556}") = "CPUFramework", "..\..\CPUFramework\CPUFramework.csproj", "{C9D4EA46-E38F-49C8-9F0B-BC09CD096F50}"
EndProject
Project("{9A19103F-16F7-4668-BE54-9A1E7A4F7556}") = "CPUWindowsFormFramework", "..\..\CPUWindowsFormFramework\CPUWindowsFormFramework.csproj", "{24F45842-EBA0-4ECB-AFAA-6E01D2743116}"
EndProject
Project("{9A19103F-16F7-4668-BE54-9A1E7A4F7556}") = "RecipeSystem", "RecipeSystem\RecipeSystem.csproj", "{BE1C4D53-3123-48F1-A352-A27500FABAC5}"
EndProject
Project("{9A19103F-16F7-4668-BE54-9A1E7A4F7556}") = "RecipeAppsTest", "RecipeAppsTest\RecipeAppsTest.csproj", "{A3305624-9419-4EA9-8610-0073DD48A9A8}"
EndProject
Project("{FAE04EC0-301F-11D3-BF4B-00C04F79EFBC}") = "RecipeMAUI", "RecipeMAUI\RecipeMAUI.csproj", "{E4EFA873-4738-4DD0-966C-A0C13FD2C320}"
EndProject
Global
	GlobalSection(SolutionConfigurationPlatforms) = preSolution
		Debug|Any CPU = Debug|Any CPU
		Release|Any CPU = Release|Any CPU
	EndGlobalSection
	GlobalSection(ProjectConfigurationPlatforms) = postSolution
		{F4032E48-822B-4F68-8CDD-4B9DC8E3F8B1}.Debug|Any CPU.ActiveCfg = Debug|Any CPU
		{F4032E48-822B-4F68-8CDD-4B9DC8E3F8B1}.Debug|Any CPU.Build.0 = Debug|Any CPU
		{F4032E48-822B-4F68-8CDD-4B9DC8E3F8B1}.Release|Any CPU.ActiveCfg = Release|Any CPU
		{F4032E48-822B-4F68-8CDD-4B9DC8E3F8B1}.Release|Any CPU.Build.0 = Release|Any CPU
		{C9D4EA46-E38F-49C8-9F0B-BC09CD096F50}.Debug|Any CPU.ActiveCfg = Debug|Any CPU
		{C9D4EA46-E38F-49C8-9F0B-BC09CD096F50}.Debug|Any CPU.Build.0 = Debug|Any CPU
		{C9D4EA46-E38F-49C8-9F0B-BC09CD096F50}.Release|Any CPU.ActiveCfg = Release|Any CPU
		{C9D4EA46-E38F-49C8-9F0B-BC09CD096F50}.Release|Any CPU.Build.0 = Release|Any CPU
		{24F45842-EBA0-4ECB-AFAA-6E01D2743116}.Debug|Any CPU.ActiveCfg = Debug|Any CPU
		{24F45842-EBA0-4ECB-AFAA-6E01D2743116}.Debug|Any CPU.Build.0 = Debug|Any CPU
		{24F45842-EBA0-4ECB-AFAA-6E01D2743116}.Release|Any CPU.ActiveCfg = Release|Any CPU
		{24F45842-EBA0-4ECB-AFAA-6E01D2743116}.Release|Any CPU.Build.0 = Release|Any CPU
		{BE1C4D53-3123-48F1-A352-A27500FABAC5}.Debug|Any CPU.ActiveCfg = Debug|Any CPU
		{BE1C4D53-3123-48F1-A352-A27500FABAC5}.Debug|Any CPU.Build.0 = Debug|Any CPU
		{BE1C4D53-3123-48F1-A352-A27500FABAC5}.Release|Any CPU.ActiveCfg = Release|Any CPU
		{BE1C4D53-3123-48F1-A352-A27500FABAC5}.Release|Any CPU.Build.0 = Release|Any CPU
		{A3305624-9419-4EA9-8610-0073DD48A9A8}.Debug|Any CPU.ActiveCfg = Debug|Any CPU
		{A3305624-9419-4EA9-8610-0073DD48A9A8}.Debug|Any CPU.Build.0 = Debug|Any CPU
		{A3305624-9419-4EA9-8610-0073DD48A9A8}.Release|Any CPU.ActiveCfg = Release|Any CPU
		{A3305624-9419-4EA9-8610-0073DD48A9A8}.Release|Any CPU.Build.0 = Release|Any CPU
		{E4EFA873-4738-4DD0-966C-A0C13FD2C320}.Debug|Any CPU.ActiveCfg = Debug|Any CPU
		{E4EFA873-4738-4DD0-966C-A0C13FD2C320}.Debug|Any CPU.Build.0 = Debug|Any CPU
		{E4EFA873-4738-4DD0-966C-A0C13FD2C320}.Debug|Any CPU.Deploy.0 = Debug|Any CPU
		{E4EFA873-4738-4DD0-966C-A0C13FD2C320}.Release|Any CPU.ActiveCfg = Release|Any CPU
		{E4EFA873-4738-4DD0-966C-A0C13FD2C320}.Release|Any CPU.Build.0 = Release|Any CPU
		{E4EFA873-4738-4DD0-966C-A0C13FD2C320}.Release|Any CPU.Deploy.0 = Release|Any CPU
	EndGlobalSection
	GlobalSection(SolutionProperties) = preSolution
		HideSolutionNode = FALSE
	EndGlobalSection
	GlobalSection(ExtensibilityGlobals) = postSolution
		SolutionGuid = {067A1010-CB4B-4CC6-BE07-8237C81E5138}
	EndGlobalSection
EndGlobal
